
Microsoft Visual Studio Solution File, Format Version 12.00
# Visual Studio Version 17
VisualStudioVersion = 17.9.34616.47
MinimumVisualStudioVersion = 10.0.40219.1
Project("{9A19103F-16F7-4668-BE54-9A1E7A4F7556}") = "RocketRP", "RocketRP\RocketRP.csproj", "{204084A9-5388-4593-8FEA-C545286E59D3}"
EndProject
Project("{9A19103F-16F7-4668-BE54-9A1E7A4F7556}") = "RocketRP.CLI", "RocketRP.CLI\RocketRP.CLI.csproj", "{836B64F0-88FF-40F8-8AA4-97C05F39C516}"
EndProject
Project("{9A19103F-16F7-4668-BE54-9A1E7A4F7556}") = "RocketRP.TrainingCLI", "RocketRP.TrainingCLI\RocketRP.TrainingCLI.csproj", "{D98A8341-D499-439D-9949-1A3000ADFC8C}"
EndProject
Global
	GlobalSection(SolutionConfigurationPlatforms) = preSolution
		Debug|Any CPU = Debug|Any CPU
		Release|Any CPU = Release|Any CPU
	EndGlobalSection
	GlobalSection(ProjectConfigurationPlatforms) = postSolution
		{204084A9-5388-4593-8FEA-C545286E59D3}.Debug|Any CPU.ActiveCfg = Debug|Any CPU
		{204084A9-5388-4593-8FEA-C545286E59D3}.Debug|Any CPU.Build.0 = Debug|Any CPU
		{204084A9-5388-4593-8FEA-C545286E59D3}.Release|Any CPU.ActiveCfg = Release|Any CPU
		{204084A9-5388-4593-8FEA-C545286E59D3}.Release|Any CPU.Build.0 = Release|Any CPU
		{836B64F0-88FF-40F8-8AA4-97C05F39C516}.Debug|Any CPU.ActiveCfg = Debug|Any CPU
		{836B64F0-88FF-40F8-8AA4-97C05F39C516}.Debug|Any CPU.Build.0 = Debug|Any CPU
		{836B64F0-88FF-40F8-8AA4-97C05F39C516}.Release|Any CPU.ActiveCfg = Release|Any CPU
		{836B64F0-88FF-40F8-8AA4-97C05F39C516}.Release|Any CPU.Build.0 = Release|Any CPU
		{D98A8341-D499-439D-9949-1A3000ADFC8C}.Debug|Any CPU.ActiveCfg = Debug|Any CPU
		{D98A8341-D499-439D-9949-1A3000ADFC8C}.Debug|Any CPU.Build.0 = Debug|Any CPU
		{D98A8341-D499-439D-9949-1A3000ADFC8C}.Release|Any CPU.ActiveCfg = Release|Any CPU
		{D98A8341-D499-439D-9949-1A3000ADFC8C}.Release|Any CPU.Build.0 = Release|Any CPU
	EndGlobalSection
	GlobalSection(SolutionProperties) = preSolution
		HideSolutionNode = FALSE
	EndGlobalSection
	GlobalSection(ExtensibilityGlobals) = postSolution
		SolutionGuid = {6027FA27-B290-4975-9289-D1D74A80875B}
	EndGlobalSection
EndGlobal
